
Microsoft Visual Studio Solution File, Format Version 12.00
# Visual Studio Version 16
VisualStudioVersion = 16.0.30717.126
MinimumVisualStudioVersion = 10.0.40219.1
Project("{2150E333-8FDC-42A3-9474-1A3956D46DE8}") = "TopLayer", "TopLayer", "{A050CB48-EA92-4415-B597-C812C6DE160B}"
EndProject
Project("{2150E333-8FDC-42A3-9474-1A3956D46DE8}") = "Core", "Core", "{D9612DEF-8685-4B1C-9655-4D830F84A464}"
EndProject
Project("{9A19103F-16F7-4668-BE54-9A1E7A4F7556}") = "World.Core.Interfaces", "World.Core.Interfaces\World.Core.Interfaces.csproj", "{4CEEDB75-2415-4DF8-BC1C-4B747B57E6BB}"
EndProject
Project("{9A19103F-16F7-4668-BE54-9A1E7A4F7556}") = "World.Core.DomainEntities", "World.Core.DomainEntities\World.Core.DomainEntities.csproj", "{C1A497B3-B538-4197-A27F-2074C9914309}"
EndProject
Project("{2150E333-8FDC-42A3-9474-1A3956D46DE8}") = "Services", "Services", "{FD72C075-AED8-446E-BA23-DF07B725CD0F}"
EndProject
Project("{2150E333-8FDC-42A3-9474-1A3956D46DE8}") = "Infrastructure", "Infrastructure", "{D5FECCD7-D748-4091-8D93-657030984C33}"
EndProject
Project("{9A19103F-16F7-4668-BE54-9A1E7A4F7556}") = "World.Data.EF", "World.Data.EF\World.Data.EF.csproj", "{49DDEB49-79CC-41D0-B386-1518D3FBBBF4}"
EndProject
Project("{9A19103F-16F7-4668-BE54-9A1E7A4F7556}") = "World.Web.Api", "World.Web.Api\World.Web.Api.csproj", "{323324A8-06AA-420E-8674-B85B3B5DAFCE}"
EndProject
Project("{9A19103F-16F7-4668-BE54-9A1E7A4F7556}") = "World.Data.Repository", "World.Data.Repository\World.Data.Repository.csproj", "{106C997F-BE41-4642-9F01-E8262CAF8020}"
EndProject
Project("{9A19103F-16F7-4668-BE54-9A1E7A4F7556}") = "World.Services", "World.Services\World.Services.csproj", "{ED86D91C-5273-4CAD-829D-E7B7D354F108}"
EndProject
Project("{FAE04EC0-301F-11D3-BF4B-00C04F79EFBC}") = "World.Api.Models", "World.Api.Models\World.Api.Models.csproj", "{7378E496-A4BC-4F66-A5CB-6665BEA4B43A}"
EndProject
Global
	GlobalSection(SolutionConfigurationPlatforms) = preSolution
		Debug|Any CPU = Debug|Any CPU
		Release|Any CPU = Release|Any CPU
	EndGlobalSection
	GlobalSection(ProjectConfigurationPlatforms) = postSolution
		{4CEEDB75-2415-4DF8-BC1C-4B747B57E6BB}.Debug|Any CPU.ActiveCfg = Debug|Any CPU
		{4CEEDB75-2415-4DF8-BC1C-4B747B57E6BB}.Debug|Any CPU.Build.0 = Debug|Any CPU
		{4CEEDB75-2415-4DF8-BC1C-4B747B57E6BB}.Release|Any CPU.ActiveCfg = Release|Any CPU
		{4CEEDB75-2415-4DF8-BC1C-4B747B57E6BB}.Release|Any CPU.Build.0 = Release|Any CPU
		{C1A497B3-B538-4197-A27F-2074C9914309}.Debug|Any CPU.ActiveCfg = Debug|Any CPU
		{C1A497B3-B538-4197-A27F-2074C9914309}.Debug|Any CPU.Build.0 = Debug|Any CPU
		{C1A497B3-B538-4197-A27F-2074C9914309}.Release|Any CPU.ActiveCfg = Release|Any CPU
		{C1A497B3-B538-4197-A27F-2074C9914309}.Release|Any CPU.Build.0 = Release|Any CPU
		{49DDEB49-79CC-41D0-B386-1518D3FBBBF4}.Debug|Any CPU.ActiveCfg = Debug|Any CPU
		{49DDEB49-79CC-41D0-B386-1518D3FBBBF4}.Debug|Any CPU.Build.0 = Debug|Any CPU
		{49DDEB49-79CC-41D0-B386-1518D3FBBBF4}.Release|Any CPU.ActiveCfg = Release|Any CPU
		{49DDEB49-79CC-41D0-B386-1518D3FBBBF4}.Release|Any CPU.Build.0 = Release|Any CPU
		{323324A8-06AA-420E-8674-B85B3B5DAFCE}.Debug|Any CPU.ActiveCfg = Debug|Any CPU
		{323324A8-06AA-420E-8674-B85B3B5DAFCE}.Debug|Any CPU.Build.0 = Debug|Any CPU
		{323324A8-06AA-420E-8674-B85B3B5DAFCE}.Release|Any CPU.ActiveCfg = Release|Any CPU
		{323324A8-06AA-420E-8674-B85B3B5DAFCE}.Release|Any CPU.Build.0 = Release|Any CPU
		{106C997F-BE41-4642-9F01-E8262CAF8020}.Debug|Any CPU.ActiveCfg = Debug|Any CPU
		{106C997F-BE41-4642-9F01-E8262CAF8020}.Debug|Any CPU.Build.0 = Debug|Any CPU
		{106C997F-BE41-4642-9F01-E8262CAF8020}.Release|Any CPU.ActiveCfg = Release|Any CPU
		{106C997F-BE41-4642-9F01-E8262CAF8020}.Release|Any CPU.Build.0 = Release|Any CPU
		{ED86D91C-5273-4CAD-829D-E7B7D354F108}.Debug|Any CPU.ActiveCfg = Debug|Any CPU
		{ED86D91C-5273-4CAD-829D-E7B7D354F108}.Debug|Any CPU.Build.0 = Debug|Any CPU
		{ED86D91C-5273-4CAD-829D-E7B7D354F108}.Release|Any CPU.ActiveCfg = Release|Any CPU
		{ED86D91C-5273-4CAD-829D-E7B7D354F108}.Release|Any CPU.Build.0 = Release|Any CPU
		{7378E496-A4BC-4F66-A5CB-6665BEA4B43A}.Debug|Any CPU.ActiveCfg = Debug|Any CPU
		{7378E496-A4BC-4F66-A5CB-6665BEA4B43A}.Debug|Any CPU.Build.0 = Debug|Any CPU
		{7378E496-A4BC-4F66-A5CB-6665BEA4B43A}.Release|Any CPU.ActiveCfg = Release|Any CPU
		{7378E496-A4BC-4F66-A5CB-6665BEA4B43A}.Release|Any CPU.Build.0 = Release|Any CPU
	EndGlobalSection
	GlobalSection(SolutionProperties) = preSolution
		HideSolutionNode = FALSE
	EndGlobalSection
	GlobalSection(NestedProjects) = preSolution
		{4CEEDB75-2415-4DF8-BC1C-4B747B57E6BB} = {D9612DEF-8685-4B1C-9655-4D830F84A464}
		{C1A497B3-B538-4197-A27F-2074C9914309} = {D9612DEF-8685-4B1C-9655-4D830F84A464}
		{49DDEB49-79CC-41D0-B386-1518D3FBBBF4} = {D5FECCD7-D748-4091-8D93-657030984C33}
		{323324A8-06AA-420E-8674-B85B3B5DAFCE} = {A050CB48-EA92-4415-B597-C812C6DE160B}
		{106C997F-BE41-4642-9F01-E8262CAF8020} = {D5FECCD7-D748-4091-8D93-657030984C33}
		{ED86D91C-5273-4CAD-829D-E7B7D354F108} = {FD72C075-AED8-446E-BA23-DF07B725CD0F}
		{7378E496-A4BC-4F66-A5CB-6665BEA4B43A} = {A050CB48-EA92-4415-B597-C812C6DE160B}
	EndGlobalSection
	GlobalSection(ExtensibilityGlobals) = postSolution
		SolutionGuid = {45D52A29-5FFA-43A5-953A-B451B28DBE08}
	EndGlobalSection
EndGlobal
